
Microsoft Visual Studio Solution File, Format Version 12.00
# Visual Studio 15
Project("{FAE04EC0-301F-11D3-BF4B-00C04F79EFBC}") = "CoachApp.Android", "CoachApp.Android\CoachApp.Android.csproj", "{FC8B664A-6F40-482E-A8E3-5D000B7224E5}"
EndProject
Project("{FAE04EC0-301F-11D3-BF4B-00C04F79EFBC}") = "CoachApp", "CoachApp\CoachApp.csproj", "{249A3BE8-48A7-466A-8F6B-752B60180D42}"
EndProject
Global
	GlobalSection(SolutionConfigurationPlatforms) = preSolution
		Debug|Any CPU = Debug|Any CPU
		Release|Any CPU = Release|Any CPU
	EndGlobalSection
	GlobalSection(ProjectConfigurationPlatforms) = postSolution
		{FC8B664A-6F40-482E-A8E3-5D000B7224E5}.Debug|Any CPU.ActiveCfg = Debug|Any CPU
		{FC8B664A-6F40-482E-A8E3-5D000B7224E5}.Debug|Any CPU.Build.0 = Debug|Any CPU
		{FC8B664A-6F40-482E-A8E3-5D000B7224E5}.Release|Any CPU.ActiveCfg = Release|Any CPU
		{FC8B664A-6F40-482E-A8E3-5D000B7224E5}.Release|Any CPU.Build.0 = Release|Any CPU
		{249A3BE8-48A7-466A-8F6B-752B60180D42}.Debug|Any CPU.ActiveCfg = Debug|Any CPU
		{249A3BE8-48A7-466A-8F6B-752B60180D42}.Debug|Any CPU.Build.0 = Debug|Any CPU
		{249A3BE8-48A7-466A-8F6B-752B60180D42}.Release|Any CPU.ActiveCfg = Release|Any CPU
		{249A3BE8-48A7-466A-8F6B-752B60180D42}.Release|Any CPU.Build.0 = Release|Any CPU
	EndGlobalSection
EndGlobal
